# This file is generated by running "yarn install" inside your project.
# Manual changes might be lost - proceed with caution!

__metadata:
  version: 3

"advent-of-code-2019@workspace:.":
  version: 0.0.0-use.local
  resolution: "advent-of-code-2019@workspace:."
  dependencies:
    esm: "npm:^3.2.25"
    mocha: "npm:^6.2.2"
    prettier: "npm:^1.19.1"
  languageName: unknown
  linkType: soft

"ansi-colors@npm:3.2.3":
  version: 3.2.3
  resolution: "ansi-colors@npm:3.2.3"
  checksum: 322b82d47ac5d861c0a14273d3f3b0a9e66e66489a24038b36d74ce1b7ece49dafc776e8f21bf44048eaa6a97e90e40b1e025b6fcf1d6b1f77671d2f1d6efdf1
  languageName: node
  linkType: hard

"ansi-regex@npm:^3.0.0":
  version: 3.0.0
  resolution: "ansi-regex@npm:3.0.0"
  checksum: 8bb91d5a72509b4930774afcbb086c6dda4c31c5557a89ff6b29dddb7830204b7835e7e035970652a2e7b8ace0f06001890a1d826b330c731715387db959004e
  languageName: node
  linkType: hard

"ansi-regex@npm:^4.1.0":
  version: 4.1.0
  resolution: "ansi-regex@npm:4.1.0"
  checksum: 9de38b55c876c42f26000de67fc4c8735998f79679ba93bda3854a9cbcf27abfcb2c4e2041125497ceabdb75f3a9147a40471de5e33b4dcff2125513b6d94d32
  languageName: node
  linkType: hard

"ansi-styles@npm:^3.2.0, ansi-styles@npm:^3.2.1":
  version: 3.2.1
  resolution: "ansi-styles@npm:3.2.1"
  dependencies:
    color-convert: "npm:^1.9.0"
  checksum: 6f99bc6ac278aa5c51543d30aeaeab2b6c3de468d1a23504c1e818283680d0f310bb49a59162bc1b0b81e9b5f2dfa60326791a02b82e5d7cf6803e5b922ea142
  languageName: node
  linkType: hard

"argparse@npm:^1.0.7":
  version: 1.0.10
  resolution: "argparse@npm:1.0.10"
  dependencies:
    sprintf-js: "npm:~1.0.2"
  checksum: f0b382b138049618e7958f6345a52b33e673e7ca6baa7c4efa758938a4b586e40467cc198a8b3fda9a8f627078fb46bfe5933fc507d5a07a75d2145e706466d3
  languageName: node
  linkType: hard

"balanced-match@npm:^1.0.0":
  version: 1.0.0
  resolution: "balanced-match@npm:1.0.0"
  checksum: 6a1a4021cc9cb35182852582ed42470041430842bbc9d3dfad9536fca203281e4bc6316a017a0b876df0acb8d0d83daa22d5c6483108869c0895582525af9f60
  languageName: node
  linkType: hard

"brace-expansion@npm:^1.1.7":
  version: 1.1.11
  resolution: "brace-expansion@npm:1.1.11"
  dependencies:
    balanced-match: "npm:^1.0.0"
    concat-map: "npm:0.0.1"
  checksum: 6bf044764309bad6d15c6eabc39e93701643b00192439251afe8b4e0c08f941b840f3c8844b163fc307111459121712fb74e40073ddffb0358f8a640f14ba7b1
  languageName: node
  linkType: hard

"browser-stdout@npm:1.3.1":
  version: 1.3.1
  resolution: "browser-stdout@npm:1.3.1"
  checksum: 8f4807782f7dd9514bbb4a46954867b04af5b34c6c07d9778a68dd95cc985be32ad55d2a1bd7274e93ed211e7ee9635447826d184a5fcf59fc0f83ea5f075b57
  languageName: node
  linkType: hard

"camelcase@npm:^5.0.0":
  version: 5.3.1
  resolution: "camelcase@npm:5.3.1"
  checksum: 58f271afe62d5396a5a2d28cbbeb3520732763d3c005e295225d48a58408d44575bf92475cd828f597790725f1be43aa08e623b65bdffb5619f16fb402773bb6
  languageName: node
  linkType: hard

"chalk@npm:^2.0.1":
  version: 2.4.2
  resolution: "chalk@npm:2.4.2"
  dependencies:
    ansi-styles: "npm:^3.2.1"
    escape-string-regexp: "npm:^1.0.5"
    supports-color: "npm:^5.3.0"
  checksum: 06d1d94779a0e08fe03ef15676ae30e973d7269017d3b1e6d06a3bb81e70a3a6b0c26d5743e94b4dfc21a852884306759b8b8c4fe98d72204ed678413beb21f3
  languageName: node
  linkType: hard

"cliui@npm:^5.0.0":
  version: 5.0.0
  resolution: "cliui@npm:5.0.0"
  dependencies:
    string-width: "npm:^3.1.0"
    strip-ansi: "npm:^5.2.0"
    wrap-ansi: "npm:^5.1.0"
  checksum: 53f2f93ae1e7958e85737535759ad05b5b558b21d596c778b7c3728c8bab4ded78938553cf57a8d808b2ea9d0b62009ba2dfadd5ee79c8c08025241a34ce130d
  languageName: node
  linkType: hard

"color-convert@npm:^1.9.0":
  version: 1.9.3
  resolution: "color-convert@npm:1.9.3"
  dependencies:
    color-name: "npm:1.1.3"
  checksum: 3162a5f034dea55c0ebb3a152e1b8cdf926a9bbada4f6c5eefd7b750810edc019dade72285f669d738cfb07375e17ba2171d22475ab85652b8b7dcf1cf0cc6f1
  languageName: node
  linkType: hard

"color-name@npm:1.1.3":
  version: 1.1.3
  resolution: "color-name@npm:1.1.3"
  checksum: ad6a0e4beb3232906aeba6213234071ca26f463ac748feb897725cbd0f420a0e71962f9627566afc4716e63455f88a35641342302b8d130402cbbea8f6bf8e1e
  languageName: node
  linkType: hard

"concat-map@npm:0.0.1":
  version: 0.0.1
  resolution: "concat-map@npm:0.0.1"
  checksum: b295d07d6ac4f0e3fe511fce7ac74c5f6583e67bace249c32c6b2baa44b2c6220c7c177c9e44954485f37b7e7ec6a6a231447b62137d0fb56b44a7e871ac33e3
  languageName: node
  linkType: hard

"debug@npm:3.2.6":
  version: 3.2.6
  resolution: "debug@npm:3.2.6"
  dependencies:
    ms: "npm:^2.1.1"
  checksum: 09e1c273a1a77137b2fd2fa1ea072678344642991b947cdd694d6f93c4b0dc21bfbd37eb647305fdf18520d190dd3263b3d44a8e3275b72f365b9bb4060556d5
  languageName: node
  linkType: hard

"decamelize@npm:^1.2.0":
  version: 1.2.0
  resolution: "decamelize@npm:1.2.0"
  checksum: b4f9874e4777db39289cfe0d34d079df9531b10b50290ec8443e342faa840abbd1e7003ea0d735e03ea143d0bb34151afcb3711e7bc02fdcf19fe002683699ba
  languageName: node
  linkType: hard

"define-properties@npm:^1.1.2, define-properties@npm:^1.1.3":
  version: 1.1.3
  resolution: "define-properties@npm:1.1.3"
  dependencies:
    object-keys: "npm:^1.0.12"
  checksum: 8ea9a3d1d6f9b5ec39f3acdf52c1f406cee2e15630b374daef2b44e67296cbf383481abc30beefa6cccde585ee5c41aa6d80c5c4556e90ffce95bea76f51857e
  languageName: node
  linkType: hard

"diff@npm:3.5.0":
  version: 3.5.0
  resolution: "diff@npm:3.5.0"
  checksum: ab282ff9c61908a3cee72de88ccef155572f398549ccd43225379859c865d197f04200d9a8f1dd63de0c787505593a2047fb6acc1a0b1e21339e9baf0210c928
  languageName: node
  linkType: hard

"emoji-regex@npm:^7.0.1":
  version: 7.0.3
  resolution: "emoji-regex@npm:7.0.3"
  checksum: b0fd6fa82f291d60c4841e9ca6812a55ce44ceb8540e42a7641a989f4d8fa0d879de7033eaadbb725d92b9163e97a41fea657498dcf4ca97ea6d70df107ce9c0
  languageName: node
  linkType: hard

"es-abstract@npm:^1.5.1":
  version: 1.16.3
  resolution: "es-abstract@npm:1.16.3"
  dependencies:
    es-to-primitive: "npm:^1.2.1"
    function-bind: "npm:^1.1.1"
    has: "npm:^1.0.3"
    has-symbols: "npm:^1.0.1"
    is-callable: "npm:^1.1.4"
    is-regex: "npm:^1.0.4"
    object-inspect: "npm:^1.7.0"
    object-keys: "npm:^1.1.1"
    string.prototype.trimleft: "npm:^2.1.0"
    string.prototype.trimright: "npm:^2.1.0"
  checksum: edaedcd4594e7824ed7f6d4154003017b59b835885ec7ad1b97eab1d156b2a23b10361e189c8f81b9d6a5deb271d53e0317b8c73f0391ccb554fde8b2ead4bb2
  languageName: node
  linkType: hard

"es-to-primitive@npm:^1.2.1":
  version: 1.2.1
  resolution: "es-to-primitive@npm:1.2.1"
  dependencies:
    is-callable: "npm:^1.1.4"
    is-date-object: "npm:^1.0.1"
    is-symbol: "npm:^1.0.2"
  checksum: 8c38fb003ba9ce399f4a782505a49fdcf16182c03b8809ae57d0ef983ed8cf2713473af869e747cd4375ccacbad8790a49cbb3b372631d28a3b5bbc617f0685e
  languageName: node
  linkType: hard

"escape-string-regexp@npm:1.0.5, escape-string-regexp@npm:^1.0.5":
  version: 1.0.5
  resolution: "escape-string-regexp@npm:1.0.5"
  checksum: 31da9adff9694f7b63c0542462267656e1d4dcac66a91551781d1ad2554d6641685ff812acc717cd467676af57be458a466d34b086e900354b38dde8724c8046
  languageName: node
  linkType: hard

"esm@npm:^3.2.25":
  version: 3.2.25
  resolution: "esm@npm:3.2.25"
  checksum: a6edb54e68bcef66fa13724b109b67ce83ec9978454841a6f34cbd5a2f37c594c1b62064b922454707ee59ed9ecca589fbfadc7753f1ac263a1e1505aada0249
  languageName: node
  linkType: hard

"esprima@npm:^4.0.0":
  version: 4.0.1
  resolution: "esprima@npm:4.0.1"
  bin:
    esparse: ./bin/esparse.js
    esvalidate: ./bin/esvalidate.js
  checksum: a9bec67e9a3dfccc29a2d54c65a3210129668b3eeae7fe296145bc564c963c4d1d7be101dd13fbe65000414ac07f35bd2f85ac9d3254016e5a2f3aa13d18caf1
  languageName: node
  linkType: hard

"find-up@npm:3.0.0, find-up@npm:^3.0.0":
  version: 3.0.0
  resolution: "find-up@npm:3.0.0"
  dependencies:
    locate-path: "npm:^3.0.0"
  checksum: a58b85fac6dd65a13f873a2313d955b8d520396122a8b0bc4a5010eb5d6f71036222169b9fa9914d2a62360f6b9943c5c6e0dbf1139d8130230b33785e7b86c2
  languageName: node
  linkType: hard

"flat@npm:^4.1.0":
  version: 4.1.0
  resolution: "flat@npm:4.1.0"
  dependencies:
    is-buffer: "npm:~2.0.3"
  bin:
    flat: cli.js
  checksum: 0935c7ae81093d65990e61878c8308108400fe95e9ae07ca163783c7e8b812f3037cb786eb2b4f4238d37d14412dfac8a3b280dce9a2959af245e27d30329818
  languageName: node
  linkType: hard

"fs.realpath@npm:^1.0.0":
  version: 1.0.0
  resolution: "fs.realpath@npm:1.0.0"
  checksum: 7838256cafb93ee7a40754e7fdcae9c6e57b12528e22ae51a10bc6161ad6a647931dd99aa95ddf3a4ce8501766f78e57a56ed010043dddf8dddb4ad5af616acb
  languageName: node
  linkType: hard

"function-bind@npm:^1.1.1":
  version: 1.1.1
  resolution: "function-bind@npm:1.1.1"
  checksum: 6ed0e3f90e8eab9d2a32f526fddd51020a23ad48d6c3806583b0c6e9dd97fbd0736a11bc0d75ee59e32979f149b3ac3c7a8608540968ed3f87d7ef8799c54602
  languageName: node
  linkType: hard

"get-caller-file@npm:^2.0.1":
  version: 2.0.5
  resolution: "get-caller-file@npm:2.0.5"
  checksum: 34fbf61ee9adc7504115743a19829427885d5d5713bd31c86f3a5839362925e3b579d61cf3e30250fad9ed16d02d957d8dfc0a13f7111f5b1f763d35c6f0a1a8
  languageName: node
  linkType: hard

"glob@npm:7.1.3":
  version: 7.1.3
  resolution: "glob@npm:7.1.3"
  dependencies:
    fs.realpath: "npm:^1.0.0"
    inflight: "npm:^1.0.4"
    inherits: "npm:2"
    minimatch: "npm:^3.0.4"
    once: "npm:^1.3.0"
    path-is-absolute: "npm:^1.0.0"
  checksum: 143f47469c49c2807fa4dd0a3fa07aeb462cd79644c8139cae21c53f87df8ca1539a78ba8fcc52ed3c17683637c14bd51892a36dec0685481720fd3ba9f02c97
  languageName: node
  linkType: hard

"growl@npm:1.10.5":
  version: 1.10.5
  resolution: "growl@npm:1.10.5"
  checksum: 38976c4867bab627344bb4dcc0b12c8ce77c9db451e95111d08c62a828ef31adfa071977f1e7c8cf1a4079b9c5e6625e0c9bb0d943e20bf7b5b13d26ac5248a5
  languageName: node
  linkType: hard

"has-flag@npm:^3.0.0":
  version: 3.0.0
  resolution: "has-flag@npm:3.0.0"
  checksum: c69624d2a38d77d4d715b40932cd55635426d75c7c0e72a609a67b4d251905517ca6d1ff6f69ee3b0cfa95a39b31e25af9e3fe04f46b092699ea5f26371d14ab
  languageName: node
  linkType: hard

"has-symbols@npm:^1.0.0, has-symbols@npm:^1.0.1":
  version: 1.0.1
  resolution: "has-symbols@npm:1.0.1"
  checksum: 8fa777f894ebe7b0905db719cc56a021b489e3f628cc7270601b06b2a28315646478e0a8ad2225990cf3c46793f6417f5c3f43a807ead104978bf8308cf5b282
  languageName: node
  linkType: hard

"has@npm:^1.0.1, has@npm:^1.0.3":
  version: 1.0.3
  resolution: "has@npm:1.0.3"
  dependencies:
    function-bind: "npm:^1.1.1"
  checksum: 88e52bdec13edd789d27e483cb710f2b11b18f7c03c9f5431d2cef49d8a4f499e182f00fc95e3fc240ea63e89805fac1d6e04a8270e83c14d6ef4ef7b5dd1f78
  languageName: node
  linkType: hard

"he@npm:1.2.0":
  version: 1.2.0
  resolution: "he@npm:1.2.0"
  bin:
    he: bin/he
  checksum: add92313ba1573e4e7682fcdfe91a80327119e1e562bd3d32364b5753a6f20fab6e806acff8beb48a278d5c92c5f1767c3dcdbf1e263c2b7e7d91b3d7f72c9c2
  languageName: node
  linkType: hard

"inflight@npm:^1.0.4":
  version: 1.0.6
  resolution: "inflight@npm:1.0.6"
  dependencies:
    once: "npm:^1.3.0"
    wrappy: "npm:1"
  checksum: 4ae4f2a43120647487d1650aaecd81044692397040d46d38257c349f142889be56ffb23f599c09dadc4287baeb4f3381e304e7eef111d7c7fec00def06111c4c
  languageName: node
  linkType: hard

"inherits@npm:2":
  version: 2.0.4
  resolution: "inherits@npm:2.0.4"
  checksum: d11734fde3095ce63e83a4be33779c8597b0c95edec3efcadf9a78a9312a520028e25acb2d126656005791550f9f2e17de3ea6abeb026fa24627401e5e174d6c
  languageName: node
  linkType: hard

"is-buffer@npm:~2.0.3":
  version: 2.0.4
  resolution: "is-buffer@npm:2.0.4"
  checksum: e576d6a92dea50fa7a74024f6d4b3ea30d9e9c7db85ad721ab4ac7fcb4c8a1e681c5f7951bae6a8a16e33b76c36f8be1a601f3dd82378e8e71eaf4fa1c45e906
  languageName: node
  linkType: hard

"is-callable@npm:^1.1.4":
  version: 1.1.4
  resolution: "is-callable@npm:1.1.4"
  checksum: fb0c3a5cbc576caa633f42e2218f14da6476d864ddf4013e08726db8467e68293f203961ddf61cda0ac71f2b827788c0a5c7010ab758d378e9061f75671993a9
  languageName: node
  linkType: hard

"is-date-object@npm:^1.0.1":
  version: 1.0.1
  resolution: "is-date-object@npm:1.0.1"
  checksum: 07087cc96fc5c38aef7e232bb480fea921e9b18a42f22efd6d839852d2a28b62ded1956b9571626c74e7dab7df93269e596f51c25d19835571108b0b178d5938
  languageName: node
  linkType: hard

"is-fullwidth-code-point@npm:^2.0.0":
  version: 2.0.0
  resolution: "is-fullwidth-code-point@npm:2.0.0"
  checksum: ab96662efbb49a1e33dd59bdf1451e913c69bf407daae26e2ad6f64458bcbb1b5d5a91b1d95c690540da00f7183e53d7a0b81b9d494073e85e7bd75410a6f358
  languageName: node
  linkType: hard

"is-regex@npm:^1.0.4":
  version: 1.0.4
  resolution: "is-regex@npm:1.0.4"
  dependencies:
    has: "npm:^1.0.1"
  checksum: 64dc136eb4bcdb7e564d34f9ad6f5674adf434a8063b4f24ddd871576cddc8efddf87949389af8294038a4e154832c3ba34f0cb9d30c4bfb00398f9b4888c0ed
  languageName: node
  linkType: hard

"is-symbol@npm:^1.0.2":
  version: 1.0.3
  resolution: "is-symbol@npm:1.0.3"
  dependencies:
    has-symbols: "npm:^1.0.1"
  checksum: c165674fedb1355951abb5ddc24b75185871f40f113ea57cbb8e8568eafbdf056338675c029dfc32d1db19e36084195ed8931f1a3ad944b5c732ef9e88bf1d43
  languageName: node
  linkType: hard

"isexe@npm:^2.0.0":
  version: 2.0.0
  resolution: "isexe@npm:2.0.0"
  checksum: 1f6f7ccf6206a544097e27f04018fbd4fdb45d71eadac305d4b60cc18668d35c970d3c0bfadc4b348dd603d5536496a5634dd5f64792ea5e745c62cbc0ce9730
  languageName: node
  linkType: hard

"js-yaml@npm:3.13.1":
  version: 3.13.1
  resolution: "js-yaml@npm:3.13.1"
  dependencies:
    argparse: "npm:^1.0.7"
    esprima: "npm:^4.0.0"
  bin:
    js-yaml: bin/js-yaml.js
  checksum: 4860a95f2baf230cda4bb5f3fc06e7bb504324f75732c683d625cfeb987686b40bb68ad838960ad6e39d152e790d75dba380c31032757968c75a1eeecdec8b63
  languageName: node
  linkType: hard

"locate-path@npm:^3.0.0":
  version: 3.0.0
  resolution: "locate-path@npm:3.0.0"
  dependencies:
    p-locate: "npm:^3.0.0"
    path-exists: "npm:^3.0.0"
  checksum: 4f89906f2841b7a2f49842958ac794bb928623dadd07fb857ad63f55afc0133aed754f1d059d881265bd4ca2f6ff89ff77889c290212029f0bc5611a6f1a3dfb
  languageName: node
  linkType: hard

"lodash@npm:^4.17.15":
  version: 4.17.15
  resolution: "lodash@npm:4.17.15"
  checksum: b018ec8d4c95f14a4b57005a247eca1bc25639322939471a1958d3bc721b4f18e90edb6ea564854593a8bc1f94956a0352cf0cd372991b98c42d61c0cd11e5a3
  languageName: node
  linkType: hard

"log-symbols@npm:2.2.0":
  version: 2.2.0
  resolution: "log-symbols@npm:2.2.0"
  dependencies:
    chalk: "npm:^2.0.1"
  checksum: 221ffe71bc460c589592f78604502e60bc9fbbbfc3849b22fdcb80dee64083ff8452366f3d61c2f36cd9e55aa8e845463cd7e2f16529d0b2e92de4e8a223e498
  languageName: node
  linkType: hard

"minimatch@npm:3.0.4, minimatch@npm:^3.0.4":
  version: 3.0.4
  resolution: "minimatch@npm:3.0.4"
  dependencies:
    brace-expansion: "npm:^1.1.7"
  checksum: c32249a40b1dbbb8d836495877d91874fcf6ce9c287409c41bcb3efe5ad67e21512a459a4ae3ce9b32e1df376c1cde14cbe9fe3ba17f703c2b253993577f4ccf
  languageName: node
  linkType: hard

"minimist@npm:0.0.8":
  version: 0.0.8
  resolution: "minimist@npm:0.0.8"
  checksum: 007f9b6af3b3eeb48eb7f8df6384e57daa112db8cae745f55539835e1900eab0242cca890cb4420e7361bcad397eba316b24317d995b1f452c1486cf6fb09934
  languageName: node
  linkType: hard

"mkdirp@npm:0.5.1":
  version: 0.5.1
  resolution: "mkdirp@npm:0.5.1"
  dependencies:
    minimist: "npm:0.0.8"
  bin:
    mkdirp: bin/cmd.js
  checksum: ab0413777774b9c8255bce8e43b4e355bf329f7da0e3db007d6d370567cd82a858bd2aff028b7c5d39ff19bfd26b3c29d8e7ae706bd768a114ae95fbc9311b51
  languageName: node
  linkType: hard

"mocha@npm:^6.2.2":
  version: 6.2.2
  resolution: "mocha@npm:6.2.2"
  dependencies:
    ansi-colors: "npm:3.2.3"
    browser-stdout: "npm:1.3.1"
    debug: "npm:3.2.6"
    diff: "npm:3.5.0"
    escape-string-regexp: "npm:1.0.5"
    find-up: "npm:3.0.0"
    glob: "npm:7.1.3"
    growl: "npm:1.10.5"
    he: "npm:1.2.0"
    js-yaml: "npm:3.13.1"
    log-symbols: "npm:2.2.0"
    minimatch: "npm:3.0.4"
    mkdirp: "npm:0.5.1"
    ms: "npm:2.1.1"
    node-environment-flags: "npm:1.0.5"
    object.assign: "npm:4.1.0"
    strip-json-comments: "npm:2.0.1"
    supports-color: "npm:6.0.0"
    which: "npm:1.3.1"
    wide-align: "npm:1.1.3"
    yargs: "npm:13.3.0"
    yargs-parser: "npm:13.1.1"
    yargs-unparser: "npm:1.6.0"
  bin:
    _mocha: ./bin/_mocha
    mocha: ./bin/mocha
  checksum: c7cf487fde328907490879ef2a94989b56dc71c2d54be179c9dbbb3e63e93bd7f172ac718bc6080edbc5adef4c98e5ebbcb63812e3ccfeb0f191003bca2e092b
  languageName: node
  linkType: hard

"ms@npm:2.1.1":
  version: 2.1.1
  resolution: "ms@npm:2.1.1"
  checksum: f6a582361bde460587db401d7c9ede3bfe00a2fbf3f02b4e230343ef7385263280eb4b6c86e28dc2a17d321225fceb606591b84b20b770e4e7e03d6f1d27eaab
  languageName: node
  linkType: hard

"ms@npm:^2.1.1":
  version: 2.1.2
  resolution: "ms@npm:2.1.2"
  checksum: 2a3d955e5199024d4b18630ff47c21b52703a5e892615ae233486b8108f26b5493736009754263eebae765ab79d6e20327dad6e52d7843b689d404245e286549
  languageName: node
  linkType: hard

"node-environment-flags@npm:1.0.5":
  version: 1.0.5
  resolution: "node-environment-flags@npm:1.0.5"
  dependencies:
    object.getownpropertydescriptors: "npm:^2.0.3"
    semver: "npm:^5.7.0"
  checksum: b8e702cdd480862a7f716f0170cac26b2dc9b999735c863d0d3449b6760d1eec8a01930418bb819e24cb3364641e4f7022a07bb88c4357a906f326cbe132bd27
  languageName: node
  linkType: hard

"object-inspect@npm:^1.7.0":
  version: 1.7.0
  resolution: "object-inspect@npm:1.7.0"
  checksum: 9d1e61f50ad171799d35c5ee2a904f65a0728de0f8b67e0313d2fce2ca9dfb0c9017063fa491ce6404b1b9f87695967e956518c06dfe929d1a25e478339b8a0f
  languageName: node
  linkType: hard

"object-keys@npm:^1.0.11, object-keys@npm:^1.0.12, object-keys@npm:^1.1.1":
  version: 1.1.1
  resolution: "object-keys@npm:1.1.1"
  checksum: 520e29aea8cde1e8862359e09831f21de4cdb8ad85d3c4a3223b258bf600b0b058d9b6635ffa51d91afec2f1cf51c62dd6eed6deb52b9d332f88c98e864d3845
  languageName: node
  linkType: hard

"object.assign@npm:4.1.0":
  version: 4.1.0
  resolution: "object.assign@npm:4.1.0"
  dependencies:
    define-properties: "npm:^1.1.2"
    function-bind: "npm:^1.1.1"
    has-symbols: "npm:^1.0.0"
    object-keys: "npm:^1.0.11"
  checksum: 4d9f508c190f32772b3527918e000d401ca1e7b70dbfe697bd3820c1f181f582ea8c8419bb492e692c5ad39ae4b648e1172fa35f57ece7d869bee3a8b7983f23
  languageName: node
  linkType: hard

"object.getownpropertydescriptors@npm:^2.0.3":
  version: 2.0.3
  resolution: "object.getownpropertydescriptors@npm:2.0.3"
  dependencies:
    define-properties: "npm:^1.1.2"
    es-abstract: "npm:^1.5.1"
  checksum: f6317b1d1fea2ffb15acb10dd72cdaf750ccfc09b60c9cd53833f89edde6ef18406a465064d469f106053eff7671d7f83ced6b46c09f0f677b6241edb71376be
  languageName: node
  linkType: hard

"once@npm:^1.3.0":
  version: 1.4.0
  resolution: "once@npm:1.4.0"
  dependencies:
    wrappy: "npm:1"
  checksum: 47a04404e9aa3a209a7e536b199780fe75aba04df0a035b221285f2f703d0ab58286ffb402ff7cb5a3b894d0e86685eb4fc2766ce7a19555c14221437f248c03
  languageName: node
  linkType: hard

"p-limit@npm:^2.0.0":
  version: 2.2.1
  resolution: "p-limit@npm:2.2.1"
  dependencies:
    p-try: "npm:^2.0.0"
  checksum: e5260c9fc533cda82a7ec2b63d64dc56bdc2c236f494972e2b62f4aee1e932a08d2ddf9a7672abe8fa355edab1dc22cd369cc485dd4695163a0296078b994f8a
  languageName: node
  linkType: hard

"p-locate@npm:^3.0.0":
  version: 3.0.0
  resolution: "p-locate@npm:3.0.0"
  dependencies:
    p-limit: "npm:^2.0.0"
  checksum: 79303104cac5fad06fc1c30057e1cf14c805180cf82be6efb8b15942079bd3cddb5768ab14b1f19a13be28c1a8491f6a7cd4335f3993078dec4b6aa0888dc7a6
  languageName: node
  linkType: hard

"p-try@npm:^2.0.0":
  version: 2.2.0
  resolution: "p-try@npm:2.2.0"
  checksum: e7dceba546bcab1c72a4c1c8af45c7017e93dcafc4bdd9bd7e78d3b155a7e74cd0ec5277f2039cbc0d538050de1cfa52e8a157a3a741c0a6de870e0f5b03da33
  languageName: node
  linkType: hard

"path-exists@npm:^3.0.0":
  version: 3.0.0
  resolution: "path-exists@npm:3.0.0"
  checksum: b04837ffc484dbe6edde02ee4e00daa4dbc01eaa7da7aae23b643021072a519fa99b3acd225936934f27455abef5b139974f0813ce6b293821f79aaefa5babbb
  languageName: node
  linkType: hard

"path-is-absolute@npm:^1.0.0":
  version: 1.0.1
  resolution: "path-is-absolute@npm:1.0.1"
  checksum: 0e197d7cfa28209bce077b65646e21beb9a9980cc2b57efa4a4bf3b3331ec003f823bfec0948326264a2cbc57645a666cf911eb5d949d627d9e788280cccaa07
  languageName: node
  linkType: hard

"prettier@npm:^1.19.1":
  version: 1.19.1
  resolution: "prettier@npm:1.19.1"
  bin:
    prettier: ./bin-prettier.js
  checksum: 0b8665fa22259378feaf46a54a559a09bd2c367e6391015af5068e88c6fb8d96e20afc56a6a6b2bac2eb0ad1ad26302ea634377e6397eca09301f64b01f3021a
  languageName: node
  linkType: hard

"require-directory@npm:^2.1.1":
  version: 2.1.1
  resolution: "require-directory@npm:2.1.1"
  checksum: 7af7d1bd006a28164bdc6f774be413700bdbd817c9c96857fe6018f8ae804b8faef040ca77dfba9606d08b5ef1c623516aaa677d43c754a2810a3a83deef9ee7
  languageName: node
  linkType: hard

"require-main-filename@npm:^2.0.0":
  version: 2.0.0
  resolution: "require-main-filename@npm:2.0.0"
  checksum: 6c4488028860b4769145fdb61eaa2a666cd65da1d8bb38bed7eced5a0a6da44f16d3324a0fe17b444cb3832201d0f08186d4e5b7f568b836124287356b19068a
  languageName: node
  linkType: hard

"semver@npm:^5.7.0":
  version: 5.7.1
  resolution: "semver@npm:5.7.1"
  bin:
    semver: ./bin/semver
  checksum: dce4680e58a60e12fd7ec1f274635267206e466eaca54e3238f7c49baf33ba07aae8fe8f002a0cf6ec3e8c6f1ccbf158e8f59acc89c1777063e93eb239fe8b76
  languageName: node
  linkType: hard

"set-blocking@npm:^2.0.0":
  version: 2.0.0
  resolution: "set-blocking@npm:2.0.0"
  checksum: f8215d87051e3ace26fef38cefcaed923a20de15bda373ddcc6d1e8cc9f32d27aade1824847e2a4188261005f20fba05485b76f6e1b39d9d099ad1a50e677181
  languageName: node
  linkType: hard

"sprintf-js@npm:~1.0.2":
  version: 1.0.3
  resolution: "sprintf-js@npm:1.0.3"
  checksum: 17cbfc6bf2a82ae6548e3b0b4d3d65b09961cde328feb978b823b22da8a9243477ef3ffe96b64e56d3b333d49aaad0feb55580e27c78a40bc092caf139ff048e
  languageName: node
  linkType: hard

"string-width@npm:^1.0.2 || 2":
  version: 2.1.1
  resolution: "string-width@npm:2.1.1"
  dependencies:
    is-fullwidth-code-point: "npm:^2.0.0"
    strip-ansi: "npm:^4.0.0"
  checksum: 0c8d175d8414245688a2ea59bdd600760c7efdaf99571708ce9171a82d3da8bfd2056fb4cd1aca40e6d9854945270a501fedff59fcd1aabaef2eefcdfea1d9ce
  languageName: node
  linkType: hard

"string-width@npm:^3.0.0, string-width@npm:^3.1.0":
  version: 3.1.0
  resolution: "string-width@npm:3.1.0"
  dependencies:
    emoji-regex: "npm:^7.0.1"
    is-fullwidth-code-point: "npm:^2.0.0"
    strip-ansi: "npm:^5.1.0"
  checksum: c280f89bae289bd686f095e71c9ecbc97eef2dfacc973c7ed3ce094f51ff44db38cbb0794435e5cfab09c5a395cb21c9422d0c9ce7f07ad12ed61d886f325b02
  languageName: node
  linkType: hard

"string.prototype.trimleft@npm:^2.1.0":
  version: 2.1.0
  resolution: "string.prototype.trimleft@npm:2.1.0"
  dependencies:
    define-properties: "npm:^1.1.3"
    function-bind: "npm:^1.1.1"
  checksum: 466f7e3ceec24620d6ad075954dfbe5299489807253a5e7fa551481882034762626364a3619e5efad1dbc82b834b6c09e16ff638662bd89abcf2894591ce2d1f
  languageName: node
  linkType: hard

"string.prototype.trimright@npm:^2.1.0":
  version: 2.1.0
  resolution: "string.prototype.trimright@npm:2.1.0"
  dependencies:
    define-properties: "npm:^1.1.3"
    function-bind: "npm:^1.1.1"
  checksum: de5524e39c36cb211f29cd867bbe1ea7dc73e9e8d8e4b25cdbc230b5896ddfb7a8561a802dc3c98724293db0b778d99627749a287ab3949d5db007861b51b6da
  languageName: node
  linkType: hard

"strip-ansi@npm:^4.0.0":
  version: 4.0.0
  resolution: "strip-ansi@npm:4.0.0"
  dependencies:
    ansi-regex: "npm:^3.0.0"
  checksum: 65d6d40d63adccbf03deeb2919a303ea571933ce3dc463087745da3f5a7c14caa30a2776c3ea2b941c220abf7d4acd8e9922fd4335d5988508ddadbf1aa9d94a
  languageName: node
  linkType: hard

"strip-ansi@npm:^5.0.0, strip-ansi@npm:^5.1.0, strip-ansi@npm:^5.2.0":
  version: 5.2.0
  resolution: "strip-ansi@npm:5.2.0"
  dependencies:
    ansi-regex: "npm:^4.1.0"
  checksum: 3c00f49debb52a94a878e3d585a3f166d76f27fb415e3bcc1d5257f4694dc418ddec4b15f9fb4122cce095f836d1d7b23e3dc4b5b4fa0a4a2d9a34f370fbf4f7
  languageName: node
  linkType: hard

"strip-json-comments@npm:2.0.1":
  version: 2.0.1
  resolution: "strip-json-comments@npm:2.0.1"
  checksum: 8d41b14dfd5d71e1ed9b4846291e709cd773f73d4ea6458e096d65c14af43c12b90808934373fedde19f3ecb78057d29430665069af7f3c4e10343f2de956b74
  languageName: node
  linkType: hard

"supports-color@npm:6.0.0":
  version: 6.0.0
  resolution: "supports-color@npm:6.0.0"
  dependencies:
    has-flag: "npm:^3.0.0"
  checksum: 280e0311c65fd648023af1a607b925f19c281845ccb1eea4caba96a77418b1ecde0a35e52b31ddbc8e6f47f4c13450f673cdabc80496ed3d4134ad121a79d3b9
  languageName: node
  linkType: hard

"supports-color@npm:^5.3.0":
  version: 5.5.0
  resolution: "supports-color@npm:5.5.0"
  dependencies:
    has-flag: "npm:^3.0.0"
  checksum: a67b9f6071d9b1aa9f7744292580af0ad2210e379534f7e2ab31d3248de5efc8a3555655827bf524f18043f6301061fbe59e13d2e8a9bc11cde4ec885ad3d86c
  languageName: node
  linkType: hard

"which-module@npm:^2.0.0":
  version: 2.0.0
  resolution: "which-module@npm:2.0.0"
  checksum: 1f90d98b64a16da8cc614ae7373df97973ded10ae3b0ef3fe6e9a836f6a46dad77d99b6148791fd4191d45a42a7481fc952414650a896494d2d04448e568e905
  languageName: node
  linkType: hard

"which@npm:1.3.1":
  version: 1.3.1
  resolution: "which@npm:1.3.1"
  dependencies:
    isexe: "npm:^2.0.0"
  bin:
    which: ./bin/which
  checksum: 8c639095289e694cbce93f17662e56f740ceafb8d73cdccf0d2b2968df0e8b9c8ddf16f44711d1d5a5efe4d2091cb3ca06d1afa2db359df48588a71a4b60d0c6
  languageName: node
  linkType: hard

"wide-align@npm:1.1.3":
  version: 1.1.3
  resolution: "wide-align@npm:1.1.3"
  dependencies:
    string-width: "npm:^1.0.2 || 2"
  checksum: 9b707815701d80647cdd92acc907e1d386f387b404c63427a116ae8a9b478daa7561d271226e665b7a39d88274c1abfefa63bedd8776b7b4eb958184b3a2df9d
  languageName: node
  linkType: hard

"wrap-ansi@npm:^5.1.0":
  version: 5.1.0
  resolution: "wrap-ansi@npm:5.1.0"
  dependencies:
    ansi-styles: "npm:^3.2.0"
    string-width: "npm:^3.0.0"
    strip-ansi: "npm:^5.0.0"
  checksum: a0065345184fa1eee0f846fb682d46ee38ffa3c24affe38e76cb30efa6b2684b8278ce010934966cbe044f2e332ee4d68c296bf64bd1060660a46f609ed6fa67
  languageName: node
  linkType: hard

"wrappy@npm:1":
  version: 1.0.2
  resolution: "wrappy@npm:1.0.2"
  checksum: 0796da084f06bced2351fed9686a7211f4a4b774a7a3b64c7ead1b3bef162b1721f2a1d3fb1268bf2e848c9d743eca189c2a243159a1512d5dfab4b0d4dd60b5
  languageName: node
  linkType: hard

"y18n@npm:^4.0.0":
  version: 4.0.0
  resolution: "y18n@npm:4.0.0"
  checksum: f3fcafde11e668d66a061d4cdb49243a2cac83012193666941728d6e8002e2022c22c3ac318123b2ff84d8c99ff4c0b0764e2ac6dfd8c8df3488305724387f78
  languageName: node
  linkType: hard

"yargs-parser@npm:13.1.1, yargs-parser@npm:^13.1.1":
  version: 13.1.1
  resolution: "yargs-parser@npm:13.1.1"
  dependencies:
    camelcase: "npm:^5.0.0"
    decamelize: "npm:^1.2.0"
  checksum: 5c5ee4b20cc38d3f956109a9b888aa038d853617aaea7f652cd64994ad63da271346e0e6a023ea956b1e9fa5a0b7c13d7dcb47877c9b609cc6d01d05e8089b2a
  languageName: node
  linkType: hard

"yargs-unparser@npm:1.6.0":
  version: 1.6.0
  resolution: "yargs-unparser@npm:1.6.0"
  dependencies:
    flat: "npm:^4.1.0"
    lodash: "npm:^4.17.15"
    yargs: "npm:^13.3.0"
  checksum: 5b763d8113b5e5f75c0c65d3b414898f398c2f2c61d4877c4845411868f78a0953a5b0c61f08763f2a63a8991de742c8ce417fe8efa8e483803f4ea1f0e56119
  languageName: node
  linkType: hard

"yargs@npm:13.3.0, yargs@npm:^13.3.0":
  version: 13.3.0
  resolution: "yargs@npm:13.3.0"
  dependencies:
    cliui: "npm:^5.0.0"
    find-up: "npm:^3.0.0"
    get-caller-file: "npm:^2.0.1"
    require-directory: "npm:^2.1.1"
    require-main-filename: "npm:^2.0.0"
    set-blocking: "npm:^2.0.0"
    string-width: "npm:^3.0.0"
    which-module: "npm:^2.0.0"
    y18n: "npm:^4.0.0"
    yargs-parser: "npm:^13.1.1"
  checksum: ec4786ce16563576ddbb392a940e4d411d7caed50cb4fa2466aa9e97f1edfeee065cda9361c13be21f6132991975ba4b899cb3d5acbe747d30e31f0cdf8de16a
  languageName: node
  linkType: hard
